<?xml version="1.0" encoding="utf-8"?>
<Project ToolsVersion="4.0" xmlns="http://schemas.microsoft.com/developer/msbuild/2003">
  <ItemGroup>
    <Filter Include="源文件">
      <UniqueIdentifier>{4FC737F1-C7A5-4376-A066-2A32D752A2FF}</UniqueIdentifier>
      <Extensions>cpp;c;cc;cxx;c++;cppm;ixx;def;odl;idl;hpj;bat;asm;asmx</Extensions>
    </Filter>
    <Filter Include="头文件">
      <UniqueIdentifier>{93995380-89BD-4b04-88EB-625FBE52EBFB}</UniqueIdentifier>
      <Extensions>h;hh;hpp;hxx;h++;hm;inl;inc;ipp;xsd</Extensions>
    </Filter>
    <Filter Include="资源文件">
      <UniqueIdentifier>{67DA6AB6-F800-4c08-8B7A-83BB121AAD01}</UniqueIdentifier>
      <Extensions>rc;ico;cur;bmp;dlg;rc2;rct;bin;rgs;gif;jpg;jpeg;jpe;resx;tiff;tif;png;wav;mfcribbon-ms</Extensions>
    </Filter>
    <Filter Include="源文件\class_function_definition">
      <UniqueIdentifier>{b4af2dca-06e8-49ff-a538-2aaae1a94ce9}</UniqueIdentifier>
    </Filter>
    <Filter Include="源文件\defined_function">
      <UniqueIdentifier>{111e54e4-3fc4-4f19-972a-c2860e96d4b4}</UniqueIdentifier>
    </Filter>
    <Filter Include="头文件\subclass">
      <UniqueIdentifier>{2e715784-749f-4998-a587-cc410586e6b3}</UniqueIdentifier>
    </Filter>
    <Filter Include="头文件\superclass">
      <UniqueIdentifier>{77ffb609-fb3c-44f8-b88f-4191507205ac}</UniqueIdentifier>
    </Filter>
  </ItemGroup>
  <ItemGroup>
    <ClInclude Include="WorkerManager.h">
      <Filter>头文件</Filter>
    </ClInclude>
    <ClInclude Include="Boss.h">
      <Filter>头文件\subclass</Filter>
    </ClInclude>
    <ClInclude Include="Manager.h">
      <Filter>头文件\subclass</Filter>
    </ClInclude>
    <ClInclude Include="Employee.h">
      <Filter>头文件\subclass</Filter>
    </ClInclude>
    <ClInclude Include="Worker.h">
      <Filter>头文件\superclass</Filter>
    </ClInclude>
  </ItemGroup>
  <ItemGroup>
    <ClCompile Include="worker_manager_system.cpp">
      <Filter>源文件</Filter>
    </ClCompile>
    <ClCompile Include="add_employee.cpp">
      <Filter>源文件\defined_function</Filter>
    </ClCompile>
    <ClCompile Include="exit_system.cpp">
      <Filter>源文件\defined_function</Filter>
    </ClCompile>
    <ClCompile Include="get_employee_sum.cpp">
      <Filter>源文件\defined_function</Filter>
    </ClCompile>
    <ClCompile Include="save.cpp">
      <Filter>源文件\defined_function</Filter>
    </ClCompile>
    <ClCompile Include="show_menu.cpp">
      <Filter>源文件\defined_function</Filter>
    </ClCompile>
    <ClCompile Include="worker_manage.cpp">
      <Filter>源文件\defined_function</Filter>
    </ClCompile>
    <ClCompile Include="boss.cpp">
      <Filter>源文件\class_function_definition</Filter>
    </ClCompile>
    <ClCompile Include="employee.cpp">
      <Filter>源文件\class_function_definition</Filter>
    </ClCompile>
    <ClCompile Include="manager.cpp">
      <Filter>源文件\class_function_definition</Filter>
    </ClCompile>
    <ClCompile Include="init_employee.cpp">
      <Filter>源文件\defined_function</Filter>
    </ClCompile>
    <ClCompile Include="show_employee.cpp">
      <Filter>源文件\defined_function</Filter>
    </ClCompile>
    <ClCompile Include="delete_employee.cpp">
      <Filter>源文件\defined_function</Filter>
    </ClCompile>
    <ClCompile Include="exist_or_not.cpp">
      <Filter>源文件\defined_function</Filter>
    </ClCompile>
    <ClCompile Include="change_employee.cpp">
      <Filter>源文件\defined_function</Filter>
    </ClCompile>
    <ClCompile Include="find_employee.cpp">
      <Filter>源文件\defined_function</Filter>
    </ClCompile>
    <ClCompile Include="sort_employee.cpp">
      <Filter>源文件\defined_function</Filter>
    </ClCompile>
    <ClCompile Include="clean_file.cpp">
      <Filter>源文件\defined_function</Filter>
    </ClCompile>
  </ItemGroup>
</Project>